
Microsoft Visual Studio Solution File, Format Version 12.00
# Visual Studio 15
VisualStudioVersion = 15.0.28010.2016
MinimumVisualStudioVersion = 10.0.40219.1
Project("{FAE04EC0-301F-11D3-BF4B-00C04F79EFBC}") = "Micromed.ExternalCalculation.HfoAnnotateExternalCalculation", "Micromed.ExternalCalculation.HfoAnnotateExternalCalculation.csproj", "{4F4E9C24-9737-4F26-8D49-414FF8A4BFC2}"
EndProject
Global
	GlobalSection(SolutionConfigurationPlatforms) = preSolution
		Debug|Any CPU = Debug|Any CPU
		Release|Any CPU = Release|Any CPU
	EndGlobalSection
	GlobalSection(ProjectConfigurationPlatforms) = postSolution
		{4F4E9C24-9737-4F26-8D49-414FF8A4BFC2}.Debug|Any CPU.ActiveCfg = Debug|Any CPU
		{4F4E9C24-9737-4F26-8D49-414FF8A4BFC2}.Debug|Any CPU.Build.0 = Debug|Any CPU
		{4F4E9C24-9737-4F26-8D49-414FF8A4BFC2}.Release|Any CPU.ActiveCfg = Release|Any CPU
		{4F4E9C24-9737-4F26-8D49-414FF8A4BFC2}.Release|Any CPU.Build.0 = Release|Any CPU
	EndGlobalSection
	GlobalSection(SolutionProperties) = preSolution
		HideSolutionNode = FALSE
	EndGlobalSection
	GlobalSection(ExtensibilityGlobals) = postSolution
		SolutionGuid = {53843C75-AB2B-49FD-A6BE-2B846EB486E8}
	EndGlobalSection
EndGlobal
